
Microsoft Visual Studio Solution File, Format Version 12.00
# Visual Studio 2013
VisualStudioVersion = 12.0.21005.1
MinimumVisualStudioVersion = 10.0.40219.1
Project("{8BC9CEB8-8B4A-11D0-8D11-00A0C91BC942}") = "Algorithm", "CS.cpp\CS.cpp.vcxproj", "{6071A7C3-DA25-4737-B1E2-0A887D31A3DA}"
EndProject
Project("{8BC9CEB8-8B4A-11D0-8D11-00A0C91BC942}") = "TotalSTL", "TotalSTL\TotalSTL.vcxproj", "{168DB33A-FCBB-4408-952A-C7EA4C0D260F}"
	ProjectSection(ProjectDependencies) = postProject
		{B8C7023F-AE2F-4F56-BFF6-3BC9CFABAE67} = {B8C7023F-AE2F-4F56-BFF6-3BC9CFABAE67}
	EndProjectSection
EndProject
Project("{8BC9CEB8-8B4A-11D0-8D11-00A0C91BC942}") = "TrainingGround", "TrainingGround\TrainingGround.vcxproj", "{09516EBB-3C53-47DB-B96D-F14894C10B16}"
EndProject
Project("{8BC9CEB8-8B4A-11D0-8D11-00A0C91BC942}") = "UnderstandingCpp11", "UnderstandingCpp11\UnderstandingCpp11.vcxproj", "{03740B06-4EF2-4319-9D71-74D77E3AB0D7}"
EndProject
Project("{8BC9CEB8-8B4A-11D0-8D11-00A0C91BC942}") = "util", "util\util.vcxproj", "{B8C7023F-AE2F-4F56-BFF6-3BC9CFABAE67}"
EndProject
Project("{8BC9CEB8-8B4A-11D0-8D11-00A0C91BC942}") = "c_language", "c_language\c_language.vcxproj", "{2656E26F-25D8-4F0A-A47C-DF086E079620}"
EndProject
Project("{8BC9CEB8-8B4A-11D0-8D11-00A0C91BC942}") = "gtest", "gtest\gtest.vcxproj", "{1AE5528E-3ACC-4A85-9B15-65C4B281B4C8}"
EndProject
Global
	GlobalSection(SolutionConfigurationPlatforms) = preSolution
		Debug|Win32 = Debug|Win32
		Release|Win32 = Release|Win32
	EndGlobalSection
	GlobalSection(ProjectConfigurationPlatforms) = postSolution
		{6071A7C3-DA25-4737-B1E2-0A887D31A3DA}.Debug|Win32.ActiveCfg = Debug|Win32
		{6071A7C3-DA25-4737-B1E2-0A887D31A3DA}.Debug|Win32.Build.0 = Debug|Win32
		{6071A7C3-DA25-4737-B1E2-0A887D31A3DA}.Release|Win32.ActiveCfg = Release|Win32
		{6071A7C3-DA25-4737-B1E2-0A887D31A3DA}.Release|Win32.Build.0 = Release|Win32
		{168DB33A-FCBB-4408-952A-C7EA4C0D260F}.Debug|Win32.ActiveCfg = Debug|Win32
		{168DB33A-FCBB-4408-952A-C7EA4C0D260F}.Debug|Win32.Build.0 = Debug|Win32
		{168DB33A-FCBB-4408-952A-C7EA4C0D260F}.Release|Win32.ActiveCfg = Release|Win32
		{168DB33A-FCBB-4408-952A-C7EA4C0D260F}.Release|Win32.Build.0 = Release|Win32
		{09516EBB-3C53-47DB-B96D-F14894C10B16}.Debug|Win32.ActiveCfg = Debug|Win32
		{09516EBB-3C53-47DB-B96D-F14894C10B16}.Debug|Win32.Build.0 = Debug|Win32
		{09516EBB-3C53-47DB-B96D-F14894C10B16}.Release|Win32.ActiveCfg = Release|Win32
		{09516EBB-3C53-47DB-B96D-F14894C10B16}.Release|Win32.Build.0 = Release|Win32
		{03740B06-4EF2-4319-9D71-74D77E3AB0D7}.Debug|Win32.ActiveCfg = Debug|Win32
		{03740B06-4EF2-4319-9D71-74D77E3AB0D7}.Debug|Win32.Build.0 = Debug|Win32
		{03740B06-4EF2-4319-9D71-74D77E3AB0D7}.Release|Win32.ActiveCfg = Release|Win32
		{03740B06-4EF2-4319-9D71-74D77E3AB0D7}.Release|Win32.Build.0 = Release|Win32
		{B8C7023F-AE2F-4F56-BFF6-3BC9CFABAE67}.Debug|Win32.ActiveCfg = Debug|Win32
		{B8C7023F-AE2F-4F56-BFF6-3BC9CFABAE67}.Debug|Win32.Build.0 = Debug|Win32
		{B8C7023F-AE2F-4F56-BFF6-3BC9CFABAE67}.Release|Win32.ActiveCfg = Release|Win32
		{B8C7023F-AE2F-4F56-BFF6-3BC9CFABAE67}.Release|Win32.Build.0 = Release|Win32
		{2656E26F-25D8-4F0A-A47C-DF086E079620}.Debug|Win32.ActiveCfg = Debug|Win32
		{2656E26F-25D8-4F0A-A47C-DF086E079620}.Debug|Win32.Build.0 = Debug|Win32
		{2656E26F-25D8-4F0A-A47C-DF086E079620}.Release|Win32.ActiveCfg = Release|Win32
		{2656E26F-25D8-4F0A-A47C-DF086E079620}.Release|Win32.Build.0 = Release|Win32
		{1AE5528E-3ACC-4A85-9B15-65C4B281B4C8}.Debug|Win32.ActiveCfg = Debug|Win32
		{1AE5528E-3ACC-4A85-9B15-65C4B281B4C8}.Debug|Win32.Build.0 = Debug|Win32
		{1AE5528E-3ACC-4A85-9B15-65C4B281B4C8}.Release|Win32.ActiveCfg = Release|Win32
		{1AE5528E-3ACC-4A85-9B15-65C4B281B4C8}.Release|Win32.Build.0 = Release|Win32
	EndGlobalSection
	GlobalSection(SolutionProperties) = preSolution
		HideSolutionNode = FALSE
	EndGlobalSection
EndGlobal
