<?xml version="1.0" encoding="UTF-8" standalone="yes" ?>
<CodeBlocks_project_file>
	<FileVersion major="1" minor="6" />
	<Project>
		<Option title="apue" />
		<Option pch_mode="2" />
		<Option compiler="gcc" />
		<Build>
			<Target title="Debug">
				<Option output="bin/Debug/apue" prefix_auto="1" extension_auto="1" />
				<Option object_output="obj/Debug/" />
				<Option type="1" />
				<Option compiler="gcc" />
				<Compiler>
					<Add option="-g" />
					<Add option="-std=c99" />
				</Compiler>
				<Linker>
					<Add library="lib/libapue.a" />
				</Linker>
			</Target>
			<Target title="Release">
				<Option output="bin/Release/apue" prefix_auto="1" extension_auto="1" />
				<Option object_output="obj/Release/" />
				<Option type="1" />
				<Option compiler="gcc" />
				<Compiler>
					<Add option="-O2" />
				</Compiler>
				<Linker>
					<Add option="-s" />
				</Linker>
			</Target>
		</Build>
		<Compiler>
			<Add option="-Wall" />
		</Compiler>
		<Unit filename="FileSystemTest.c">
			<Option compilerVar="CC" />
		</Unit>
		<Unit filename="FirstOverview.c">
			<Option compilerVar="CC" />
		</Unit>
		<Unit filename="inc.c">
			<Option compilerVar="CC" />
		</Unit>
		<Unit filename="include/FileSystemTest.h" />
		<Unit filename="include/FirstOverview.h" />
		<Unit filename="include/apue.h" />
		<Unit filename="include/inc.h" />
		<Unit filename="main.c">
			<Option compilerVar="CC" />
		</Unit>
		<Extensions>
			<code_completion />
			<debugger />
		</Extensions>
	</Project>
</CodeBlocks_project_file>
