<?xml version="1.0" encoding="utf-8"?>
<Project ToolsVersion="4.0" xmlns="http://schemas.microsoft.com/developer/msbuild/2003">
  <ItemGroup>
    <Filter Include="src">
      <UniqueIdentifier>{0b1eec21-56bb-4155-933c-006ae47535ec}</UniqueIdentifier>
    </Filter>
    <Filter Include="src\file">
      <UniqueIdentifier>{e6d8c3b8-e4e9-4e81-b543-ac8c07dfdf73}</UniqueIdentifier>
    </Filter>
  </ItemGroup>
  <ItemGroup>
    <ClCompile Include="file\FileReader.cpp">
      <Filter>src\file</Filter>
    </ClCompile>
  </ItemGroup>
</Project>