<?xml version="1.0" encoding="utf-8"?>
<Project ToolsVersion="4.0" xmlns="http://schemas.microsoft.com/developer/msbuild/2003">
  <ItemGroup>
    <Filter Include="algorithm">
      <UniqueIdentifier>{15326538-f758-4a28-82cd-80fa0b408b54}</UniqueIdentifier>
    </Filter>
    <Filter Include="functor">
      <UniqueIdentifier>{fa4a704c-df6e-4f1c-be0e-066d5bd02785}</UniqueIdentifier>
    </Filter>
    <Filter Include="iterator">
      <UniqueIdentifier>{d7cd61a0-889d-4741-8ea5-180c3d15064e}</UniqueIdentifier>
    </Filter>
    <Filter Include="container">
      <UniqueIdentifier>{553dc917-796a-4d8a-a65e-6bc12d813240}</UniqueIdentifier>
    </Filter>
    <Filter Include="include">
      <UniqueIdentifier>{361c9e91-7121-4828-aa22-c3674c74b433}</UniqueIdentifier>
    </Filter>
    <Filter Include="algorithm\numeric">
      <UniqueIdentifier>{8ee4f1ae-78c8-4fc5-8dfc-06025b1b5d9f}</UniqueIdentifier>
    </Filter>
    <Filter Include="algorithm\non_modifying">
      <UniqueIdentifier>{e1002ba9-d385-40d0-9c86-4e1ba9f96cae}</UniqueIdentifier>
    </Filter>
    <Filter Include="algorithm\modifying">
      <UniqueIdentifier>{1872c3b4-f70b-4c16-9eac-c79d97765566}</UniqueIdentifier>
    </Filter>
    <Filter Include="container\sequence">
      <UniqueIdentifier>{4344dd04-617a-4884-a495-d5cfe8e3b7c1}</UniqueIdentifier>
    </Filter>
    <Filter Include="algorithm\mutating">
      <UniqueIdentifier>{0d86052a-3d11-4416-a1d8-7665a0321ddb}</UniqueIdentifier>
    </Filter>
    <Filter Include="algorithm\removing">
      <UniqueIdentifier>{bae9dd0f-d102-4586-935d-5391ee9955b7}</UniqueIdentifier>
    </Filter>
  </ItemGroup>
  <ItemGroup>
    <ClCompile Include="algorithm\nonmodifying_algorithms.cpp">
      <Filter>algorithm</Filter>
    </ClCompile>
    <ClCompile Include="functor\functors.cpp">
      <Filter>functor</Filter>
    </ClCompile>
    <ClCompile Include="main.cpp" />
    <ClCompile Include="container\map_vs_unordered_map.cpp">
      <Filter>container</Filter>
    </ClCompile>
    <ClCompile Include="container\Dictionary.cpp">
      <Filter>container</Filter>
    </ClCompile>
    <ClCompile Include="container\set_with_pointer.cpp">
      <Filter>container</Filter>
    </ClCompile>
    <ClCompile Include="container\container_overall_test.cpp">
      <Filter>container</Filter>
    </ClCompile>
    <ClCompile Include="algorithm\numeric\accumulate_test.cpp">
      <Filter>algorithm\numeric</Filter>
    </ClCompile>
    <ClCompile Include="functor\bind_test.cpp">
      <Filter>functor</Filter>
    </ClCompile>
    <ClCompile Include="functor\mem_fn_and_mem_fun.cpp">
      <Filter>functor</Filter>
    </ClCompile>
    <ClCompile Include="algorithm\non_modifying\for_each_test.cpp">
      <Filter>algorithm\non_modifying</Filter>
    </ClCompile>
    <ClCompile Include="algorithm\modifying\fill_n_test.cpp">
      <Filter>algorithm\non_modifying</Filter>
    </ClCompile>
    <ClCompile Include="container\sequence\array_test.cpp">
      <Filter>container\sequence</Filter>
    </ClCompile>
    <ClCompile Include="algorithm\mutating\shuffle_random_shuffle_test.cpp">
      <Filter>algorithm\mutating</Filter>
    </ClCompile>
    <ClCompile Include="algorithm\removing\unique_test.cpp">
      <Filter>algorithm</Filter>
    </ClCompile>
  </ItemGroup>
  <ItemGroup>
    <ClInclude Include="algorithm\nonmodifying_algorithms.h">
      <Filter>algorithm</Filter>
    </ClInclude>
    <ClInclude Include="include\functors.h">
      <Filter>include</Filter>
    </ClInclude>
    <ClInclude Include="include\stl_headers.h">
      <Filter>include</Filter>
    </ClInclude>
    <ClInclude Include="container\map_vs_unordered_map.h">
      <Filter>container</Filter>
    </ClInclude>
    <ClInclude Include="container\Dictionary.h">
      <Filter>container</Filter>
    </ClInclude>
    <ClInclude Include="container\set_with_pointer.h">
      <Filter>container</Filter>
    </ClInclude>
    <ClInclude Include="container\container_overall_test.h">
      <Filter>container</Filter>
    </ClInclude>
  </ItemGroup>
</Project>